
Microsoft Visual Studio Solution File, Format Version 12.00
# Visual Studio Version 17
VisualStudioVersion = 17.14.35821.62
MinimumVisualStudioVersion = 10.0.40219.1
Project("{FAE04EC0-301F-11D3-BF4B-00C04F79EFBC}") = "WebsiteDental", "WebsiteDental\WebsiteDental.csproj", "{DB218EF7-71A9-463B-B491-572DED077AE1}"
EndProject
Global
	GlobalSection(SolutionConfigurationPlatforms) = preSolution
		Debug|Any CPU = Debug|Any CPU
		Release|Any CPU = Release|Any CPU
	EndGlobalSection
	GlobalSection(ProjectConfigurationPlatforms) = postSolution
		{DB218EF7-71A9-463B-B491-572DED077AE1}.Debug|Any CPU.ActiveCfg = Debug|Any CPU
		{DB218EF7-71A9-463B-B491-572DED077AE1}.Debug|Any CPU.Build.0 = Debug|Any CPU
		{DB218EF7-71A9-463B-B491-572DED077AE1}.Release|Any CPU.ActiveCfg = Release|Any CPU
		{DB218EF7-71A9-463B-B491-572DED077AE1}.Release|Any CPU.Build.0 = Release|Any CPU
	EndGlobalSection
	GlobalSection(SolutionProperties) = preSolution
		HideSolutionNode = FALSE
	EndGlobalSection
	GlobalSection(ExtensibilityGlobals) = postSolution
		SolutionGuid = {86E60AC2-18F3-4998-A03D-77DCFC3A44EE}
	EndGlobalSection
EndGlobal
